PODS:
  - SBTUITestTunnelHost (2.1.0)

DEPENDENCIES:
  - SBTUITestTunnelHost (from `https://github.com/Subito-it/SBTUITestTunnelHost.git`)

EXTERNAL SOURCES:
  SBTUITestTunnelHost:
    :git: https://github.com/Subito-it/SBTUITestTunnelHost.git

CHECKOUT OPTIONS:
  SBTUITestTunnelHost:
    :commit: ca2e5c1ccf97b3829f62331d130b4f21cdab4480
    :git: https://github.com/Subito-it/SBTUITestTunnelHost.git

SPEC CHECKSUMS:
  SBTUITestTunnelHost: 3dec16f0324aee7a92d25ebae3d1d3f4913cf93d

PODFILE CHECKSUM: 56926c7b2429674deb33aabc6cd3df68cc203346

COCOAPODS: 1.11.3
